// !$*UTF8*$!
{
	archiveVersion = 1;
	classes = {
	};
	objectVersion = 50;
	objects = {

/* Begin PBXBuildFile section */
		8FDE727524C6DA490098E5EC /* AppDelegate.swift in Sources */ = {isa = PBXBuildFile; fileRef = 8FDE727424C6DA490098E5EC /* AppDelegate.swift */; };
		8FDE727924C6DA490098E5EC /* ViewController.swift in Sources */ = {isa = PBXBuildFile; fileRef = 8FDE727824C6DA490098E5EC /* ViewController.swift */; };
		8FDE727C24C6DA490098E5EC /* Main.storyboard in Resources */ = {isa = PBXBuildFile; fileRef = 8FDE727A24C6DA490098E5EC /* Main.storyboard */; };
		8FDE727E24C6DA4B0098E5EC /* Assets.xcassets in Resources */ = {isa = PBXBuildFile; fileRef = 8FDE727D24C6DA4B0098E5EC /* Assets.xcassets */; };
		8FDE728124C6DA4B0098E5EC /* LaunchScreen.storyboard in Resources */ = {isa = PBXBuildFile; fileRef = 8FDE727F24C6DA4B0098E5EC /* LaunchScreen.storyboard */; };
		8FDE728924C6DA7C0098E5EC /* TreeNode.swift in Sources */ = {isa = PBXBuildFile; fileRef = 8FDE728824C6DA7C0098E5EC /* TreeNode.swift */; };
		8FDE728B24C6DAAF0098E5EC /* TreeViewController.swift in Sources */ = {isa = PBXBuildFile; fileRef = 8FDE728A24C6DAAF0098E5EC /* TreeViewController.swift */; };
		8FDE729924C6F0100098E5EC /* LinkedListViewController.swift in Sources */ = {isa = PBXBuildFile; fileRef = 8FDE729724C6F0100098E5EC /* LinkedListViewController.swift */; };
		8FDE729A24C6F0100098E5EC /* ListNode.swift in Sources */ = {isa = PBXBuildFile; fileRef = 8FDE729824C6F0100098E5EC /* ListNode.swift */; };
/* End PBXBuildFile section */

/* Begin PBXFileReference section */
		8FDE727124C6DA490098E5EC /* Algorithm.app */ = {isa = PBXFileReference; explicitFileType = wrapper.application; includeInIndex = 0; path = Algorithm.app; sourceTree = BUILT_PRODUCTS_DIR; };
		8FDE727424C6DA490098E5EC /* AppDelegate.swift */ = {isa = PBXFileReference; lastKnownFileType = sourcecode.swift; path = AppDelegate.swift; sourceTree = "<group>"; };
		8FDE727824C6DA490098E5EC /* ViewController.swift */ = {isa = PBXFileReference; lastKnownFileType = sourcecode.swift; path = ViewController.swift; sourceTree = "<group>"; };
		8FDE727B24C6DA490098E5EC /* Base */ = {isa = PBXFileReference; lastKnownFileType = file.storyboard; name = Base; path = Base.lproj/Main.storyboard; sourceTree = "<group>"; };
		8FDE727D24C6DA4B0098E5EC /* Assets.xcassets */ = {isa = PBXFileReference; lastKnownFileType = folder.assetcatalog; path = Assets.xcassets; sourceTree = "<group>"; };
		8FDE728024C6DA4B0098E5EC /* Base */ = {isa = PBXFileReference; lastKnownFileType = file.storyboard; name = Base; path = Base.lproj/LaunchScreen.storyboard; sourceTree = "<group>"; };
		8FDE728224C6DA4B0098E5EC /* Info.plist */ = {isa = PBXFileReference; lastKnownFileType = text.plist.xml; path = Info.plist; sourceTree = "<group>"; };
		8FDE728824C6DA7C0098E5EC /* TreeNode.swift */ = {isa = PBXFileReference; lastKnownFileType = sourcecode.swift; path = TreeNode.swift; sourceTree = "<group>"; };
		8FDE728A24C6DAAF0098E5EC /* TreeViewController.swift */ = {isa = PBXFileReference; lastKnownFileType = sourcecode.swift; path = TreeViewController.swift; sourceTree = "<group>"; };
		8FDE729724C6F0100098E5EC /* LinkedListViewController.swift */ = {isa = PBXFileReference; fileEncoding = 4; lastKnownFileType = sourcecode.swift; path = LinkedListViewController.swift; sourceTree = "<group>"; };
		8FDE729824C6F0100098E5EC /* ListNode.swift */ = {isa = PBXFileReference; fileEncoding = 4; lastKnownFileType = sourcecode.swift; path = ListNode.swift; sourceTree = "<group>"; };
/* End PBXFileReference section */

/* Begin PBXFrameworksBuildPhase section */
		8FDE726E24C6DA490098E5EC /* Frameworks */ = {
			isa = PBXFrameworksBuildPhase;
			buildActionMask = 2147483647;
			files = (
			);
			runOnlyForDeploymentPostprocessing = 0;
		};
/* End PBXFrameworksBuildPhase section */

/* Begin PBXGroup section */
		8FDE726824C6DA490098E5EC = {
			isa = PBXGroup;
			children = (
				8FDE727324C6DA490098E5EC /* Algorithm */,
				8FDE727224C6DA490098E5EC /* Products */,
			);
			sourceTree = "<group>";
		};
		8FDE727224C6DA490098E5EC /* Products */ = {
			isa = PBXGroup;
			children = (
				8FDE727124C6DA490098E5EC /* Algorithm.app */,
			);
			name = Products;
			sourceTree = "<group>";
		};
		8FDE727324C6DA490098E5EC /* Algorithm */ = {
			isa = PBXGroup;
			children = (
				8FDE727424C6DA490098E5EC /* AppDelegate.swift */,
				8FDE727824C6DA490098E5EC /* ViewController.swift */,
				8FDE727A24C6DA490098E5EC /* Main.storyboard */,
				8FDE727D24C6DA4B0098E5EC /* Assets.xcassets */,
				8FDE727F24C6DA4B0098E5EC /* LaunchScreen.storyboard */,
				8FDE728224C6DA4B0098E5EC /* Info.plist */,
				8FDE728824C6DA7C0098E5EC /* TreeNode.swift */,
				8FDE728A24C6DAAF0098E5EC /* TreeViewController.swift */,
				8FDE729824C6F0100098E5EC /* ListNode.swift */,
				8FDE729724C6F0100098E5EC /* LinkedListViewController.swift */,
			);
			path = Algorithm;
			sourceTree = "<group>";
		};
/* End PBXGroup section */

/* Begin PBXNativeTarget section */
		8FDE727024C6DA490098E5EC /* Algorithm */ = {
			isa = PBXNativeTarget;
			buildConfigurationList = 8FDE728524C6DA4B0098E5EC /* Build configuration list for PBXNativeTarget "Algorithm" */;
			buildPhases = (
				8FDE726D24C6DA490098E5EC /* Sources */,
				8FDE726E24C6DA490098E5EC /* Frameworks */,
				8FDE726F24C6DA490098E5EC /* Resources */,
			);
			buildRules = (
			);
			dependencies = (
			);
			name = Algorithm;
			productName = Algorithm;
			productReference = 8FDE727124C6DA490098E5EC /* Algorithm.app */;
			productType = "com.apple.product-type.application";
		};
/* End PBXNativeTarget section */

/* Begin PBXProject section */
		8FDE726924C6DA490098E5EC /* Project object */ = {
			isa = PBXProject;
			attributes = {
				LastSwiftUpdateCheck = 1150;
				LastUpgradeCheck = 1150;
				ORGANIZATIONNAME = "Noah Gao";
				TargetAttributes = {
					8FDE727024C6DA490098E5EC = {
						CreatedOnToolsVersion = 11.5;
					};
				};
			};
			buildConfigurationList = 8FDE726C24C6DA490098E5EC /* Build configuration list for PBXProject "Algorithm" */;
			compatibilityVersion = "Xcode 9.3";
			developmentRegion = en;
			hasScannedForEncodings = 0;
			knownRegions = (
				en,
				Base,
			);
			mainGroup = 8FDE726824C6DA490098E5EC;
			productRefGroup = 8FDE727224C6DA490098E5EC /* Products */;
			projectDirPath = "";
			projectRoot = "";
			targets = (
				8FDE727024C6DA490098E5EC /* Algorithm */,
			);
		};
/* End PBXProject section */

/* Begin PBXResourcesBuildPhase section */
		8FDE726F24C6DA490098E5EC /* Resources */ = {
			isa = PBXResourcesBuildPhase;
			buildActionMask = 2147483647;
			files = (
				8FDE728124C6DA4B0098E5EC /* LaunchScreen.storyboard in Resources */,
				8FDE727E24C6DA4B0098E5EC /* Assets.xcassets in Resources */,
				8FDE727C24C6DA490098E5EC /* Main.storyboard in Resources */,
			);
			runOnlyForDeploymentPostprocessing = 0;
		};
/* End PBXResourcesBuildPhase section */

/* Begin PBXSourcesBuildPhase section */
		8FDE726D24C6DA490098E5EC /* Sources */ = {
			isa = PBXSourcesBuildPhase;
			buildActionMask = 2147483647;
			files = (
				8FDE729924C6F0100098E5EC /* LinkedListViewController.swift in Sources */,
				8FDE727924C6DA490098E5EC /* ViewController.swift in Sources */,
				8FDE727524C6DA490098E5EC /* AppDelegate.swift in Sources */,
				8FDE728B24C6DAAF0098E5EC /* TreeViewController.swift in Sources */,
				8FDE728924C6DA7C0098E5EC /* TreeNode.swift in Sources */,
				8FDE729A24C6F0100098E5EC /* ListNode.swift in Sources */,
			);
			runOnlyForDeploymentPostprocessing = 0;
		};
/* End PBXSourcesBuildPhase section */

/* Begin PBXVariantGroup section */
		8FDE727A24C6DA490098E5EC /* Main.storyboard */ = {
			isa = PBXVariantGroup;
			children = (
				8FDE727B24C6DA490098E5EC /* Base */,
			);
			name = Main.storyboard;
			sourceTree = "<group>";
		};
		8FDE727F24C6DA4B0098E5EC /* LaunchScreen.storyboard */ = {
			isa = PBXVariantGroup;
			children = (
				8FDE728024C6DA4B0098E5EC /* Base */,
			);
			name = LaunchScreen.storyboard;
			sourceTree = "<group>";
		};
/* End PBXVariantGroup section */

/* Begin XCBuildConfiguration section */
		8FDE728324C6DA4B0098E5EC /* Debug */ = {
			isa = XCBuildConfiguration;
			buildSettings = {
				ALWAYS_SEARCH_USER_PATHS = NO;
				CLANG_ANALYZER_NONNULL = YES;
				CLANG_ANALYZER_NUMBER_OBJECT_CONVERSION = YES_AGGRESSIVE;
				CLANG_CXX_LANGUAGE_STANDARD = "gnu++14";
				CLANG_CXX_LIBRARY = "libc++";
				CLANG_ENABLE_MODULES = YES;
				CLANG_ENABLE_OBJC_ARC = YES;
				CLANG_ENABLE_OBJC_WEAK = YES;
				CLANG_WARN_BLOCK_CAPTURE_AUTORELEASING = YES;
				CLANG_WARN_BOOL_CONVERSION = YES;
				CLANG_WARN_COMMA = YES;
				CLANG_WARN_CONSTANT_CONVERSION = YES;
				CLANG_WARN_DEPRECATED_OBJC_IMPLEMENTATIONS = YES;
				CLANG_WARN_DIRECT_OBJC_ISA_USAGE = YES_ERROR;
				CLANG_WARN_DOCUMENTATION_COMMENTS = YES;
				CLANG_WARN_EMPTY_BODY = YES;
				CLANG_WARN_ENUM_CONVERSION = YES;
				CLANG_WARN_INFINITE_RECURSION = YES;
				CLANG_WARN_INT_CONVERSION = YES;
				CLANG_WARN_NON_LITERAL_NULL_CONVERSION = YES;
				CLANG_WARN_OBJC_IMPLICIT_RETAIN_SELF = YES;
				CLANG_WARN_OBJC_LITERAL_CONVERSION = YES;
				CLANG_WARN_OBJC_ROOT_CLASS = YES_ERROR;
				CLANG_WARN_RANGE_LOOP_ANALYSIS = YES;
				CLANG_WARN_STRICT_PROTOTYPES = YES;
				CLANG_WARN_SUSPICIOUS_MOVE = YES;
				CLANG_WARN_UNGUARDED_AVAILABILITY = YES_AGGRESSIVE;
				CLANG_WARN_UNREACHABLE_CODE = YES;
				CLANG_WARN__DUPLICATE_METHOD_MATCH = YES;
				COPY_PHASE_STRIP = NO;
				DEBUG_INFORMATION_FORMAT = dwarf;
				ENABLE_STRICT_OBJC_MSGSEND = YES;
				ENABLE_TESTABILITY = YES;
				GCC_C_LANGUAGE_STANDARD = gnu11;
				GCC_DYNAMIC_NO_PIC = NO;
				GCC_NO_COMMON_BLOCKS = YES;
				GCC_OPTIMIZATION_LEVEL = 0;
				GCC_PREPROCESSOR_DEFINITIONS = (
					"DEBUG=1",
					"$(inherited)",
				);
				GCC_WARN_64_TO_32_BIT_CONVERSION = YES;
				GCC_WARN_ABOUT_RETURN_TYPE = YES_ERROR;
				GCC_WARN_UNDECLARED_SELECTOR = YES;
				GCC_WARN_UNINITIALIZED_AUTOS = YES_AGGRESSIVE;
				GCC_WARN_UNUSED_FUNCTION = YES;
				GCC_WARN_UNUSED_VARIABLE = YES;
				IPHONEOS_DEPLOYMENT_TARGET = 13.5;
				MTL_ENABLE_DEBUG_INFO = INCLUDE_SOURCE;
				MTL_FAST_MATH = YES;
				ONLY_ACTIVE_ARCH = YES;
				SDKROOT = iphoneos;
				SWIFT_ACTIVE_COMPILATION_CONDITIONS = DEBUG;
				SWIFT_OPTIMIZATION_LEVEL = "-Onone";
			};
			name = Debug;
		};
		8FDE728424C6DA4B0098E5EC /* Release */ = {
			isa = XCBuildConfiguration;
			buildSettings = {
				ALWAYS_SEARCH_USER_PATHS = NO;
				CLANG_ANALYZER_NONNULL = YES;
				CLANG_ANALYZER_NUMBER_OBJECT_CONVERSION = YES_AGGRESSIVE;
				CLANG_CXX_LANGUAGE_STANDARD = "gnu++14";
				CLANG_CXX_LIBRARY = "libc++";
				CLANG_ENABLE_MODULES = YES;
				CLANG_ENABLE_OBJC_ARC = YES;
				CLANG_ENABLE_OBJC_WEAK = YES;
				CLANG_WARN_BLOCK_CAPTURE_AUTORELEASING = YES;
				CLANG_WARN_BOOL_CONVERSION = YES;
				CLANG_WARN_COMMA = YES;
				CLANG_WARN_CONSTANT_CONVERSION = YES;
				CLANG_WARN_DEPRECATED_OBJC_IMPLEMENTATIONS = YES;
				CLANG_WARN_DIRECT_OBJC_ISA_USAGE = YES_ERROR;
				CLANG_WARN_DOCUMENTATION_COMMENTS = YES;
				CLANG_WARN_EMPTY_BODY = YES;
				CLANG_WARN_ENUM_CONVERSION = YES;
				CLANG_WARN_INFINITE_RECURSION = YES;
				CLANG_WARN_INT_CONVERSION = YES;
				CLANG_WARN_NON_LITERAL_NULL_CONVERSION = YES;
				CLANG_WARN_OBJC_IMPLICIT_RETAIN_SELF = YES;
				CLANG_WARN_OBJC_LITERAL_CONVERSION = YES;
				CLANG_WARN_OBJC_ROOT_CLASS = YES_ERROR;
				CLANG_WARN_RANGE_LOOP_ANALYSIS = YES;
				CLANG_WARN_STRICT_PROTOTYPES = YES;
				CLANG_WARN_SUSPICIOUS_MOVE = YES;
				CLANG_WARN_UNGUARDED_AVAILABILITY = YES_AGGRESSIVE;
				CLANG_WARN_UNREACHABLE_CODE = YES;
				CLANG_WARN__DUPLICATE_METHOD_MATCH = YES;
				COPY_PHASE_STRIP = NO;
				DEBUG_INFORMATION_FORMAT = "dwarf-with-dsym";
				ENABLE_NS_ASSERTIONS = NO;
				ENABLE_STRICT_OBJC_MSGSEND = YES;
				GCC_C_LANGUAGE_STANDARD = gnu11;
				GCC_NO_COMMON_BLOCKS = YES;
				GCC_WARN_64_TO_32_BIT_CONVERSION = YES;
				GCC_WARN_ABOUT_RETURN_TYPE = YES_ERROR;
				GCC_WARN_UNDECLARED_SELECTOR = YES;
				GCC_WARN_UNINITIALIZED_AUTOS = YES_AGGRESSIVE;
				GCC_WARN_UNUSED_FUNCTION = YES;
				GCC_WARN_UNUSED_VARIABLE = YES;
				IPHONEOS_DEPLOYMENT_TARGET = 13.5;
				MTL_ENABLE_DEBUG_INFO = NO;
				MTL_FAST_MATH = YES;
				SDKROOT = iphoneos;
				SWIFT_COMPILATION_MODE = wholemodule;
				SWIFT_OPTIMIZATION_LEVEL = "-O";
				VALIDATE_PRODUCT = YES;
			};
			name = Release;
		};
		8FDE728624C6DA4B0098E5EC /* Debug */ = {
			isa = XCBuildConfiguration;
			buildSettings = {
				ASSETCATALOG_COMPILER_APPICON_NAME = AppIcon;
				CODE_SIGN_STYLE = Automatic;
				DEVELOPMENT_TEAM = 85V32XYZPL;
				INFOPLIST_FILE = Algorithm/Info.plist;
				LD_RUNPATH_SEARCH_PATHS = (
					"$(inherited)",
					"@executable_path/Frameworks",
				);
				PRODUCT_BUNDLE_IDENTIFIER = io.github.rsenjoyer.Gao.Algorithm;
				PRODUCT_NAME = "$(TARGET_NAME)";
				SWIFT_VERSION = 5.0;
				TARGETED_DEVICE_FAMILY = "1,2";
			};
			name = Debug;
		};
		8FDE728724C6DA4B0098E5EC /* Release */ = {
			isa = XCBuildConfiguration;
			buildSettings = {
				ASSETCATALOG_COMPILER_APPICON_NAME = AppIcon;
				CODE_SIGN_STYLE = Automatic;
				DEVELOPMENT_TEAM = 85V32XYZPL;
				INFOPLIST_FILE = Algorithm/Info.plist;
				LD_RUNPATH_SEARCH_PATHS = (
					"$(inherited)",
					"@executable_path/Frameworks",
				);
				PRODUCT_BUNDLE_IDENTIFIER = io.github.rsenjoyer.Gao.Algorithm;
				PRODUCT_NAME = "$(TARGET_NAME)";
				SWIFT_VERSION = 5.0;
				TARGETED_DEVICE_FAMILY = "1,2";
			};
			name = Release;
		};
/* End XCBuildConfiguration section */

/* Begin XCConfigurationList section */
		8FDE726C24C6DA490098E5EC /* Build configuration list for PBXProject "Algorithm" */ = {
			isa = XCConfigurationList;
			buildConfigurations = (
				8FDE728324C6DA4B0098E5EC /* Debug */,
				8FDE728424C6DA4B0098E5EC /* Release */,
			);
			defaultConfigurationIsVisible = 0;
			defaultConfigurationName = Release;
		};
		8FDE728524C6DA4B0098E5EC /* Build configuration list for PBXNativeTarget "Algorithm" */ = {
			isa = XCConfigurationList;
			buildConfigurations = (
				8FDE728624C6DA4B0098E5EC /* Debug */,
				8FDE728724C6DA4B0098E5EC /* Release */,
			);
			defaultConfigurationIsVisible = 0;
			defaultConfigurationName = Release;
		};
/* End XCConfigurationList section */
	};
	rootObject = 8FDE726924C6DA490098E5EC /* Project object */;
}
